
Microsoft Visual Studio Solution File, Format Version 12.00
# Visual Studio 15
VisualStudioVersion = 15.0.27004.2009
MinimumVisualStudioVersion = 10.0.40219.1
Project("{2150E333-8FDC-42A3-9474-1A3956D46DE8}") = "3 - UI", "3 - UI", "{D105CDB8-E5AC-4E85-9C5B-EA0A50629AB6}"
EndProject
Project("{2150E333-8FDC-42A3-9474-1A3956D46DE8}") = "4 - Service", "4 - Service", "{8B020B43-E5A7-4E7A-9ECA-C41569D208CB}"
EndProject
Project("{FAE04EC0-301F-11D3-BF4B-00C04F79EFBC}") = "ERP.UI.Web", "Web\ERP.UI.Web.csproj", "{A0209B52-A45D-429B-A33F-568FE24CC454}"
EndProject
Project("{FAE04EC0-301F-11D3-BF4B-00C04F79EFBC}") = "ERP.Service.Implement", "Service\WCF\CMS.WCF.Service\ERP.Service.Implement.csproj", "{B76D8AAA-7CF4-471B-8C9A-17AC96A1D813}"
EndProject
Project("{FAE04EC0-301F-11D3-BF4B-00C04F79EFBC}") = "ERP.Service.Host", "Service\WCF\CMS.WCF.Host\ERP.Service.Host.csproj", "{BEFB1534-48DF-4B13-8309-26F678331F48}"
EndProject
Project("{FAE04EC0-301F-11D3-BF4B-00C04F79EFBC}") = "ERP.Service.HostTest", "Service\WCF\CMS.WCF.HostTest\ERP.Service.HostTest.csproj", "{0901DB28-5B80-490B-840A-0E6A94AB7AFE}"
EndProject
Project("{FAE04EC0-301F-11D3-BF4B-00C04F79EFBC}") = "ERP.Cache", "ERP.Cache\ERP.Cache.csproj", "{965B2175-58B4-4589-9AB7-A9C7508E52E1}"
EndProject
Project("{FAE04EC0-301F-11D3-BF4B-00C04F79EFBC}") = "ERP.BLL", "ERP.BLL\ERP.BLL.csproj", "{406BAC57-5C85-42F0-9E33-2D64AB9662FF}"
EndProject
Project("{FAE04EC0-301F-11D3-BF4B-00C04F79EFBC}") = "ERP.DAL", "ERP.DAL\ERP.DAL.csproj", "{D9792169-3E1C-42F5-8ADA-6DF9337353C1}"
EndProject
Project("{2150E333-8FDC-42A3-9474-1A3956D46DE8}") = "1 - Infrastructure", "1 - Infrastructure", "{E605B89A-BB28-4335-856F-35CD4799F47E}"
EndProject
Project("{2150E333-8FDC-42A3-9474-1A3956D46DE8}") = "2 - Domain", "2 - Domain", "{01CE61A0-A1CC-4625-B2A7-4B1954FD7326}"
EndProject
Project("{FAE04EC0-301F-11D3-BF4B-00C04F79EFBC}") = "ERP.SAL", "ERP.SAL\ERP.SAL.csproj", "{DCAE6D15-457F-4FD5-A097-F0EE3E330047}"
EndProject
Project("{FAE04EC0-301F-11D3-BF4B-00C04F79EFBC}") = "ERP.Environment", "Common\ERP.Common\ERP.Environment.csproj", "{4951062B-D3C0-443D-8AB4-C233250A7584}"
EndProject
Project("{FAE04EC0-301F-11D3-BF4B-00C04F79EFBC}") = "ERP.Enum", "ERP.Enum\ERP.Enum.csproj", "{B2AFAEBA-CB9E-4BA0-B61A-3E0708847FE9}"
EndProject
Project("{FAE04EC0-301F-11D3-BF4B-00C04F79EFBC}") = "ERP.Model", "ERP.Model\ERP.Model.csproj", "{A6595739-E966-4F89-B771-6AB481AEDB5D}"
EndProject
Project("{2150E333-8FDC-42A3-9474-1A3956D46DE8}") = "任务中心", "任务中心", "{71F878CA-A8BA-4F29-94A2-FB12C53D3159}"
EndProject
Project("{2150E333-8FDC-42A3-9474-1A3956D46DE8}") = "各个业务任务", "各个业务任务", "{E0EFEADA-D1FA-4163-8F57-5662BBB015B5}"
EndProject
Project("{2150E333-8FDC-42A3-9474-1A3956D46DE8}") = "任务调式器", "任务调式器", "{3D64A34E-EB5C-4283-A52E-0082AFE01A46}"
EndProject
Project("{2150E333-8FDC-42A3-9474-1A3956D46DE8}") = "任务主服务", "任务主服务", "{2E0B0F5B-440B-4B1E-8623-C3965F536BB1}"
EndProject
Project("{FAE04EC0-301F-11D3-BF4B-00C04F79EFBC}") = "CompleteOrderTask.Core", "TaskCenter\Task.Core\CompleteOrderTask.Core\CompleteOrderTask.Core.csproj", "{1BD594EE-F5AB-4362-A464-5E8912EB5C50}"
EndProject
Project("{2150E333-8FDC-42A3-9474-1A3956D46DE8}") = "完成订单", "完成订单", "{90A6207D-62B4-467E-9D42-CA36C6EF193C}"
EndProject
Project("{2150E333-8FDC-42A3-9474-1A3956D46DE8}") = "出入库", "出入库", "{E5B49DE6-C297-4CCC-940F-3FDF01D88E17}"
EndProject
Project("{2150E333-8FDC-42A3-9474-1A3956D46DE8}") = "往来帐", "往来帐", "{90F16288-4ECF-4546-A5D0-EA8382DA4F39}"
EndProject
Project("{FAE04EC0-301F-11D3-BF4B-00C04F79EFBC}") = "StorageTask.Core", "TaskCenter\Task.Core\StorageTask.Core\StorageTask.Core.csproj", "{78B7FFA7-1B0A-4838-8CB7-A7E224E925F8}"
EndProject
Project("{FAE04EC0-301F-11D3-BF4B-00C04F79EFBC}") = "ReckoningTask.Core", "TaskCenter\Task.Core\ReckoningTask.Core\ReckoningTask.Core.csproj", "{62CB94E3-DB61-4AD5-8988-3F1B69392D4B}"
EndProject
Project("{FAE04EC0-301F-11D3-BF4B-00C04F79EFBC}") = "Task.RunTest", "TaskCenter\Task.RunTest\Task.RunTest.csproj", "{4312067D-A934-4C4D-871E-0406DD68007C}"
	ProjectSection(ProjectDependencies) = postProject
		{07BE0E61-3019-457C-A2DA-CF18B98EACB8} = {07BE0E61-3019-457C-A2DA-CF18B98EACB8}
		{B76D8AAA-7CF4-471B-8C9A-17AC96A1D813} = {B76D8AAA-7CF4-471B-8C9A-17AC96A1D813}
	EndProjectSection
EndProject
Project("{FAE04EC0-301F-11D3-BF4B-00C04F79EFBC}") = "TaskServiceHost", "TaskCenter\Task.ServiceHost\TaskServiceHost.csproj", "{1F08DA59-6821-42C5-809D-0F3B6F27E109}"
EndProject
Project("{2150E333-8FDC-42A3-9474-1A3956D46DE8}") = "完成订单请求服务", "完成订单请求服务", "{C67B40D0-09A7-4C2E-927C-3F9374E1AF67}"
EndProject
Project("{FAE04EC0-301F-11D3-BF4B-00C04F79EFBC}") = "CompleteOrderServiceHost", "TaskCenter\CompleteOrder.ServiceHost\CompleteOrderServiceHost.csproj", "{CCFB6FAB-8100-4D29-AD7B-0F5941092B73}"
EndProject
Project("{2150E333-8FDC-42A3-9474-1A3956D46DE8}") = "自动报备（采购）", "自动报备（采购）", "{48631B17-BF67-42DE-9676-34E6C0D5FCFD}"
EndProject
Project("{FAE04EC0-301F-11D3-BF4B-00C04F79EFBC}") = "AutoPurchasing.Core", "TaskCenter\Task.Core\AutoPurchasing.Core\AutoPurchasing.Core.csproj", "{6F7D19F0-97B2-4576-866F-275869AD62C0}"
EndProject
Project("{2150E333-8FDC-42A3-9474-1A3956D46DE8}") = "进货申报", "进货申报", "{2FCF7D58-08DF-45EA-B19B-A73C7944B111}"
EndProject
Project("{FAE04EC0-301F-11D3-BF4B-00C04F79EFBC}") = "AutoStockDeclare.Core", "TaskCenter\Task.Core\AutoStockDeclare.Core\AutoStockDeclare.Core.csproj", "{ED348198-7F94-4556-9E5C-AEC3806CF6FB}"
EndProject
Project("{FAE04EC0-301F-11D3-BF4B-00C04F79EFBC}") = "GoodsStockRecordTask.Core", "TaskCenter\Task.Core\GoodsStockRecordTask.Core\GoodsStockRecordTask.Core.csproj", "{96FB9F4A-EC54-427A-BDC1-BF370C2A9215}"
EndProject
Project("{FAE04EC0-301F-11D3-BF4B-00C04F79EFBC}") = "ERP.BLL.UnitTest", "ERP.BLL.UnitTest\ERP.BLL.UnitTest.csproj", "{B7630937-FCCB-4D12-B89A-0346CD12ADF6}"
EndProject
Project("{2150E333-8FDC-42A3-9474-1A3956D46DE8}") = "历史数据处理", "历史数据处理", "{B9606F97-C9F3-486B-A61C-9117DF6F4560}"
EndProject
Project("{FAE04EC0-301F-11D3-BF4B-00C04F79EFBC}") = "HistoryData", "TaskCenter\Task.Core\HistoryData\HistoryData.csproj", "{07BE0E61-3019-457C-A2DA-CF18B98EACB8}"
	ProjectSection(ProjectDependencies) = postProject
		{406BAC57-5C85-42F0-9E33-2D64AB9662FF} = {406BAC57-5C85-42F0-9E33-2D64AB9662FF}
		{D9792169-3E1C-42F5-8ADA-6DF9337353C1} = {D9792169-3E1C-42F5-8ADA-6DF9337353C1}
	EndProjectSection
EndProject
Project("{FAE04EC0-301F-11D3-BF4B-00C04F79EFBC}") = "GoodsDaySalesStatisticsAsynTask", "TaskCenter\Task.Core\GoodsDaySalesStatisticsAsynTask\GoodsDaySalesStatisticsAsynTask.csproj", "{DCE2394D-E085-4299-92BA-38DCB714A0B4}"
EndProject
Project("{FAE04EC0-301F-11D3-BF4B-00C04F79EFBC}") = "SaleFilialeGenerateStockInAndPurchaseForm", "SaleFilialeGenerateStockInAndPurchaseForm\SaleFilialeGenerateStockInAndPurchaseForm.csproj", "{75A9E72A-1EFE-4DAE-966B-E508A2BC1463}"
EndProject
Project("{2150E333-8FDC-42A3-9474-1A3956D46DE8}") = "销售公司每天凌晨生成采购单及入库单（来自B2C的订单）", "销售公司每天凌晨生成采购单及入库单（来自B2C的订单）", "{5B6DB45F-863E-41BB-9368-615EE45E162A}"
EndProject
Project("{2150E333-8FDC-42A3-9474-1A3956D46DE8}") = "记录销售单的即时结算价", "记录销售单的即时结算价", "{A0A59775-6BCE-4B1C-91BD-122C34C37353}"
EndProject
Project("{FAE04EC0-301F-11D3-BF4B-00C04F79EFBC}") = "GenerateSaleOrderGoodsSettlement", "GenerateSaleOrderGoodsSettlement\GenerateSaleOrderGoodsSettlement.csproj", "{0D5D3262-2BE1-42FE-9050-757073F1A313}"
EndProject
Project("{2150E333-8FDC-42A3-9474-1A3956D46DE8}") = "商品即时结算价按月归档", "商品即时结算价按月归档", "{9BBDB8DC-435B-4116-8349-23284D477AAC}"
EndProject
Project("{FAE04EC0-301F-11D3-BF4B-00C04F79EFBC}") = "ArchiveLastMonthGoodsSettlement", "ArchiveLastMonthGoodsSettlement\ArchiveLastMonthGoodsSettlement.csproj", "{00C78BFB-59D4-4586-B79C-E1E4EDF8DD6B}"
EndProject
Project("{2150E333-8FDC-42A3-9474-1A3956D46DE8}") = "Apps", "Apps", "{69AACC1F-B98B-41B9-9E58-D6C61042AD8F}"
EndProject
Project("{FAE04EC0-301F-11D3-BF4B-00C04F79EFBC}") = "RebuildPurchaseFormOfSaleFromHostingApp", "Apps\RebuildPurchaseFormOfSaleFromHostingApp\RebuildPurchaseFormOfSaleFromHostingApp.csproj", "{E43252D2-1158-40C6-99D3-36450B148C93}"
EndProject
Project("{FAE04EC0-301F-11D3-BF4B-00C04F79EFBC}") = "RepairRealTimeGrossSettlementApp", "Apps\RepairRealTimeGrossSettlementApp\RepairRealTimeGrossSettlementApp.csproj", "{AD4DEA99-09FE-4CDD-9CEA-7F265ACDD987}"
EndProject
Project("{FAE04EC0-301F-11D3-BF4B-00C04F79EFBC}") = "WcfTestApp", "WcfTestApp\WcfTestApp.csproj", "{B9607B32-8776-48B8-965D-7B08A7A70663}"
EndProject
Project("{FAE04EC0-301F-11D3-BF4B-00C04F79EFBC}") = "ERP.Model.WCFModel", "ERP.Model.WCFModel\ERP.Model.WCFModel.csproj", "{CBF57691-B757-4127-B61B-6A6C58335636}"
EndProject
Project("{2150E333-8FDC-42A3-9474-1A3956D46DE8}") = "0 - Contract", "0 - Contract", "{9DB67066-26EA-4FD3-ACD1-3CA4D4CC649C}"
EndProject
Project("{FAE04EC0-301F-11D3-BF4B-00C04F79EFBC}") = "ERP.Service.Contract", "Service\WCF\CMS.WCF.Contract\ERP.Service.Contract.csproj", "{5A566B92-27B0-40E3-B88E-FB50A1886838}"
EndProject
Project("{FAE04EC0-301F-11D3-BF4B-00C04F79EFBC}") = "ERP.Service.Contract.WCFModel", "Service\WCF\CMS.WCF.Contract.WCFModel\ERP.Service.Contract.WCFModel.csproj", "{50C2A908-D07D-4C01-B6A7-5410B4AFC067}"
EndProject
Global
	GlobalSection(SolutionConfigurationPlatforms) = preSolution
		Debug|.NET = Debug|.NET
		Debug|Any CPU = Debug|Any CPU
		Debug|Mixed Platforms = Debug|Mixed Platforms
		Debug|x64 = Debug|x64
		Debug|x86 = Debug|x86
		Release|.NET = Release|.NET
		Release|Any CPU = Release|Any CPU
		Release|Mixed Platforms = Release|Mixed Platforms
		Release|x64 = Release|x64
		Release|x86 = Release|x86
	EndGlobalSection
	GlobalSection(ProjectConfigurationPlatforms) = postSolution
		{A0209B52-A45D-429B-A33F-568FE24CC454}.Debug|.NET.ActiveCfg = Debug|Any CPU
		{A0209B52-A45D-429B-A33F-568FE24CC454}.Debug|Any CPU.ActiveCfg = Debug|Any CPU
		{A0209B52-A45D-429B-A33F-568FE24CC454}.Debug|Mixed Platforms.ActiveCfg = Debug|Any CPU
		{A0209B52-A45D-429B-A33F-568FE24CC454}.Debug|Mixed Platforms.Build.0 = Debug|Any CPU
		{A0209B52-A45D-429B-A33F-568FE24CC454}.Debug|x64.ActiveCfg = Debug|Any CPU
		{A0209B52-A45D-429B-A33F-568FE24CC454}.Debug|x86.ActiveCfg = Debug|Any CPU
		{A0209B52-A45D-429B-A33F-568FE24CC454}.Release|.NET.ActiveCfg = Release|Any CPU
		{A0209B52-A45D-429B-A33F-568FE24CC454}.Release|Any CPU.ActiveCfg = Release|Any CPU
		{A0209B52-A45D-429B-A33F-568FE24CC454}.Release|Any CPU.Build.0 = Release|Any CPU
		{A0209B52-A45D-429B-A33F-568FE24CC454}.Release|Mixed Platforms.ActiveCfg = Release|Any CPU
		{A0209B52-A45D-429B-A33F-568FE24CC454}.Release|Mixed Platforms.Build.0 = Release|Any CPU
		{A0209B52-A45D-429B-A33F-568FE24CC454}.Release|x64.ActiveCfg = Release|Any CPU
		{A0209B52-A45D-429B-A33F-568FE24CC454}.Release|x86.ActiveCfg = Release|Any CPU
		{B76D8AAA-7CF4-471B-8C9A-17AC96A1D813}.Debug|.NET.ActiveCfg = Debug|Any CPU
		{B76D8AAA-7CF4-471B-8C9A-17AC96A1D813}.Debug|Any CPU.ActiveCfg = Debug|Any CPU
		{B76D8AAA-7CF4-471B-8C9A-17AC96A1D813}.Debug|Any CPU.Build.0 = Debug|Any CPU
		{B76D8AAA-7CF4-471B-8C9A-17AC96A1D813}.Debug|Mixed Platforms.ActiveCfg = Debug|Any CPU
		{B76D8AAA-7CF4-471B-8C9A-17AC96A1D813}.Debug|Mixed Platforms.Build.0 = Debug|Any CPU
		{B76D8AAA-7CF4-471B-8C9A-17AC96A1D813}.Debug|x64.ActiveCfg = Debug|Any CPU
		{B76D8AAA-7CF4-471B-8C9A-17AC96A1D813}.Debug|x86.ActiveCfg = Debug|Any CPU
		{B76D8AAA-7CF4-471B-8C9A-17AC96A1D813}.Release|.NET.ActiveCfg = Release|Any CPU
		{B76D8AAA-7CF4-471B-8C9A-17AC96A1D813}.Release|Any CPU.ActiveCfg = Release|Any CPU
		{B76D8AAA-7CF4-471B-8C9A-17AC96A1D813}.Release|Any CPU.Build.0 = Release|Any CPU
		{B76D8AAA-7CF4-471B-8C9A-17AC96A1D813}.Release|Mixed Platforms.ActiveCfg = Release|Any CPU
		{B76D8AAA-7CF4-471B-8C9A-17AC96A1D813}.Release|Mixed Platforms.Build.0 = Release|Any CPU
		{B76D8AAA-7CF4-471B-8C9A-17AC96A1D813}.Release|x64.ActiveCfg = Release|Any CPU
		{B76D8AAA-7CF4-471B-8C9A-17AC96A1D813}.Release|x86.ActiveCfg = Release|Any CPU
		{BEFB1534-48DF-4B13-8309-26F678331F48}.Debug|.NET.ActiveCfg = Debug|Any CPU
		{BEFB1534-48DF-4B13-8309-26F678331F48}.Debug|Any CPU.ActiveCfg = Debug|Any CPU
		{BEFB1534-48DF-4B13-8309-26F678331F48}.Debug|Any CPU.Build.0 = Debug|Any CPU
		{BEFB1534-48DF-4B13-8309-26F678331F48}.Debug|Mixed Platforms.ActiveCfg = Debug|Any CPU
		{BEFB1534-48DF-4B13-8309-26F678331F48}.Debug|Mixed Platforms.Build.0 = Debug|Any CPU
		{BEFB1534-48DF-4B13-8309-26F678331F48}.Debug|x64.ActiveCfg = Debug|Any CPU
		{BEFB1534-48DF-4B13-8309-26F678331F48}.Debug|x86.ActiveCfg = Debug|Any CPU
		{BEFB1534-48DF-4B13-8309-26F678331F48}.Release|.NET.ActiveCfg = Release|Any CPU
		{BEFB1534-48DF-4B13-8309-26F678331F48}.Release|Any CPU.ActiveCfg = Release|Any CPU
		{BEFB1534-48DF-4B13-8309-26F678331F48}.Release|Any CPU.Build.0 = Release|Any CPU
		{BEFB1534-48DF-4B13-8309-26F678331F48}.Release|Mixed Platforms.ActiveCfg = Release|Any CPU
		{BEFB1534-48DF-4B13-8309-26F678331F48}.Release|Mixed Platforms.Build.0 = Release|Any CPU
		{BEFB1534-48DF-4B13-8309-26F678331F48}.Release|x64.ActiveCfg = Release|Any CPU
		{BEFB1534-48DF-4B13-8309-26F678331F48}.Release|x86.ActiveCfg = Release|Any CPU
		{0901DB28-5B80-490B-840A-0E6A94AB7AFE}.Debug|.NET.ActiveCfg = Debug|Any CPU
		{0901DB28-5B80-490B-840A-0E6A94AB7AFE}.Debug|Any CPU.ActiveCfg = Debug|Any CPU
		{0901DB28-5B80-490B-840A-0E6A94AB7AFE}.Debug|Mixed Platforms.ActiveCfg = Debug|Any CPU
		{0901DB28-5B80-490B-840A-0E6A94AB7AFE}.Debug|Mixed Platforms.Build.0 = Debug|Any CPU
		{0901DB28-5B80-490B-840A-0E6A94AB7AFE}.Debug|x64.ActiveCfg = Debug|Any CPU
		{0901DB28-5B80-490B-840A-0E6A94AB7AFE}.Debug|x86.ActiveCfg = Debug|Any CPU
		{0901DB28-5B80-490B-840A-0E6A94AB7AFE}.Release|.NET.ActiveCfg = Release|Any CPU
		{0901DB28-5B80-490B-840A-0E6A94AB7AFE}.Release|Any CPU.ActiveCfg = Release|Any CPU
		{0901DB28-5B80-490B-840A-0E6A94AB7AFE}.Release|Any CPU.Build.0 = Release|Any CPU
		{0901DB28-5B80-490B-840A-0E6A94AB7AFE}.Release|Mixed Platforms.ActiveCfg = Release|Any CPU
		{0901DB28-5B80-490B-840A-0E6A94AB7AFE}.Release|Mixed Platforms.Build.0 = Release|Any CPU
		{0901DB28-5B80-490B-840A-0E6A94AB7AFE}.Release|x64.ActiveCfg = Release|Any CPU
		{0901DB28-5B80-490B-840A-0E6A94AB7AFE}.Release|x86.ActiveCfg = Release|Any CPU
		{965B2175-58B4-4589-9AB7-A9C7508E52E1}.Debug|.NET.ActiveCfg = Debug|Any CPU
		{965B2175-58B4-4589-9AB7-A9C7508E52E1}.Debug|Any CPU.ActiveCfg = Debug|Any CPU
		{965B2175-58B4-4589-9AB7-A9C7508E52E1}.Debug|Any CPU.Build.0 = Debug|Any CPU
		{965B2175-58B4-4589-9AB7-A9C7508E52E1}.Debug|Mixed Platforms.ActiveCfg = Debug|Any CPU
		{965B2175-58B4-4589-9AB7-A9C7508E52E1}.Debug|Mixed Platforms.Build.0 = Debug|Any CPU
		{965B2175-58B4-4589-9AB7-A9C7508E52E1}.Debug|x64.ActiveCfg = Debug|Any CPU
		{965B2175-58B4-4589-9AB7-A9C7508E52E1}.Debug|x86.ActiveCfg = Debug|Any CPU
		{965B2175-58B4-4589-9AB7-A9C7508E52E1}.Release|.NET.ActiveCfg = Release|Any CPU
		{965B2175-58B4-4589-9AB7-A9C7508E52E1}.Release|Any CPU.ActiveCfg = Release|Any CPU
		{965B2175-58B4-4589-9AB7-A9C7508E52E1}.Release|Any CPU.Build.0 = Release|Any CPU
		{965B2175-58B4-4589-9AB7-A9C7508E52E1}.Release|Mixed Platforms.ActiveCfg = Release|Any CPU
		{965B2175-58B4-4589-9AB7-A9C7508E52E1}.Release|Mixed Platforms.Build.0 = Release|Any CPU
		{965B2175-58B4-4589-9AB7-A9C7508E52E1}.Release|x64.ActiveCfg = Release|Any CPU
		{965B2175-58B4-4589-9AB7-A9C7508E52E1}.Release|x86.ActiveCfg = Release|Any CPU
		{406BAC57-5C85-42F0-9E33-2D64AB9662FF}.Debug|.NET.ActiveCfg = Debug|Any CPU
		{406BAC57-5C85-42F0-9E33-2D64AB9662FF}.Debug|Any CPU.ActiveCfg = Debug|Any CPU
		{406BAC57-5C85-42F0-9E33-2D64AB9662FF}.Debug|Any CPU.Build.0 = Debug|Any CPU
		{406BAC57-5C85-42F0-9E33-2D64AB9662FF}.Debug|Mixed Platforms.ActiveCfg = Debug|Any CPU
		{406BAC57-5C85-42F0-9E33-2D64AB9662FF}.Debug|Mixed Platforms.Build.0 = Debug|Any CPU
		{406BAC57-5C85-42F0-9E33-2D64AB9662FF}.Debug|x64.ActiveCfg = Debug|Any CPU
		{406BAC57-5C85-42F0-9E33-2D64AB9662FF}.Debug|x86.ActiveCfg = Debug|Any CPU
		{406BAC57-5C85-42F0-9E33-2D64AB9662FF}.Release|.NET.ActiveCfg = Release|Any CPU
		{406BAC57-5C85-42F0-9E33-2D64AB9662FF}.Release|Any CPU.ActiveCfg = Release|Any CPU
		{406BAC57-5C85-42F0-9E33-2D64AB9662FF}.Release|Any CPU.Build.0 = Release|Any CPU
		{406BAC57-5C85-42F0-9E33-2D64AB9662FF}.Release|Mixed Platforms.ActiveCfg = Release|Any CPU
		{406BAC57-5C85-42F0-9E33-2D64AB9662FF}.Release|Mixed Platforms.Build.0 = Release|Any CPU
		{406BAC57-5C85-42F0-9E33-2D64AB9662FF}.Release|x64.ActiveCfg = Release|Any CPU
		{406BAC57-5C85-42F0-9E33-2D64AB9662FF}.Release|x86.ActiveCfg = Release|Any CPU
		{D9792169-3E1C-42F5-8ADA-6DF9337353C1}.Debug|.NET.ActiveCfg = Debug|Any CPU
		{D9792169-3E1C-42F5-8ADA-6DF9337353C1}.Debug|Any CPU.ActiveCfg = Debug|Any CPU
		{D9792169-3E1C-42F5-8ADA-6DF9337353C1}.Debug|Any CPU.Build.0 = Debug|Any CPU
		{D9792169-3E1C-42F5-8ADA-6DF9337353C1}.Debug|Mixed Platforms.ActiveCfg = Debug|Any CPU
		{D9792169-3E1C-42F5-8ADA-6DF9337353C1}.Debug|Mixed Platforms.Build.0 = Debug|Any CPU
		{D9792169-3E1C-42F5-8ADA-6DF9337353C1}.Debug|x64.ActiveCfg = Debug|Any CPU
		{D9792169-3E1C-42F5-8ADA-6DF9337353C1}.Debug|x86.ActiveCfg = Debug|Any CPU
		{D9792169-3E1C-42F5-8ADA-6DF9337353C1}.Release|.NET.ActiveCfg = Release|Any CPU
		{D9792169-3E1C-42F5-8ADA-6DF9337353C1}.Release|Any CPU.ActiveCfg = Release|Any CPU
		{D9792169-3E1C-42F5-8ADA-6DF9337353C1}.Release|Any CPU.Build.0 = Release|Any CPU
		{D9792169-3E1C-42F5-8ADA-6DF9337353C1}.Release|Mixed Platforms.ActiveCfg = Release|Any CPU
		{D9792169-3E1C-42F5-8ADA-6DF9337353C1}.Release|Mixed Platforms.Build.0 = Release|Any CPU
		{D9792169-3E1C-42F5-8ADA-6DF9337353C1}.Release|x64.ActiveCfg = Release|Any CPU
		{D9792169-3E1C-42F5-8ADA-6DF9337353C1}.Release|x86.ActiveCfg = Release|Any CPU
		{DCAE6D15-457F-4FD5-A097-F0EE3E330047}.Debug|.NET.ActiveCfg = Debug|Any CPU
		{DCAE6D15-457F-4FD5-A097-F0EE3E330047}.Debug|Any CPU.ActiveCfg = Debug|Any CPU
		{DCAE6D15-457F-4FD5-A097-F0EE3E330047}.Debug|Any CPU.Build.0 = Debug|Any CPU
		{DCAE6D15-457F-4FD5-A097-F0EE3E330047}.Debug|Mixed Platforms.ActiveCfg = Debug|Any CPU
		{DCAE6D15-457F-4FD5-A097-F0EE3E330047}.Debug|Mixed Platforms.Build.0 = Debug|Any CPU
		{DCAE6D15-457F-4FD5-A097-F0EE3E330047}.Debug|x64.ActiveCfg = Debug|Any CPU
		{DCAE6D15-457F-4FD5-A097-F0EE3E330047}.Debug|x86.ActiveCfg = Debug|Any CPU
		{DCAE6D15-457F-4FD5-A097-F0EE3E330047}.Release|.NET.ActiveCfg = Release|Any CPU
		{DCAE6D15-457F-4FD5-A097-F0EE3E330047}.Release|Any CPU.ActiveCfg = Release|Any CPU
		{DCAE6D15-457F-4FD5-A097-F0EE3E330047}.Release|Any CPU.Build.0 = Release|Any CPU
		{DCAE6D15-457F-4FD5-A097-F0EE3E330047}.Release|Mixed Platforms.ActiveCfg = Release|Any CPU
		{DCAE6D15-457F-4FD5-A097-F0EE3E330047}.Release|Mixed Platforms.Build.0 = Release|Any CPU
		{DCAE6D15-457F-4FD5-A097-F0EE3E330047}.Release|x64.ActiveCfg = Release|Any CPU
		{DCAE6D15-457F-4FD5-A097-F0EE3E330047}.Release|x86.ActiveCfg = Release|Any CPU
		{4951062B-D3C0-443D-8AB4-C233250A7584}.Debug|.NET.ActiveCfg = Debug|Any CPU
		{4951062B-D3C0-443D-8AB4-C233250A7584}.Debug|Any CPU.ActiveCfg = Debug|Any CPU
		{4951062B-D3C0-443D-8AB4-C233250A7584}.Debug|Any CPU.Build.0 = Debug|Any CPU
		{4951062B-D3C0-443D-8AB4-C233250A7584}.Debug|Mixed Platforms.ActiveCfg = Debug|Any CPU
		{4951062B-D3C0-443D-8AB4-C233250A7584}.Debug|Mixed Platforms.Build.0 = Debug|Any CPU
		{4951062B-D3C0-443D-8AB4-C233250A7584}.Debug|x64.ActiveCfg = Debug|Any CPU
		{4951062B-D3C0-443D-8AB4-C233250A7584}.Debug|x86.ActiveCfg = Debug|Any CPU
		{4951062B-D3C0-443D-8AB4-C233250A7584}.Release|.NET.ActiveCfg = Release|Any CPU
		{4951062B-D3C0-443D-8AB4-C233250A7584}.Release|Any CPU.ActiveCfg = Release|Any CPU
		{4951062B-D3C0-443D-8AB4-C233250A7584}.Release|Any CPU.Build.0 = Release|Any CPU
		{4951062B-D3C0-443D-8AB4-C233250A7584}.Release|Mixed Platforms.ActiveCfg = Release|Any CPU
		{4951062B-D3C0-443D-8AB4-C233250A7584}.Release|Mixed Platforms.Build.0 = Release|Any CPU
		{4951062B-D3C0-443D-8AB4-C233250A7584}.Release|x64.ActiveCfg = Release|Any CPU
		{4951062B-D3C0-443D-8AB4-C233250A7584}.Release|x86.ActiveCfg = Release|Any CPU
		{B2AFAEBA-CB9E-4BA0-B61A-3E0708847FE9}.Debug|.NET.ActiveCfg = Debug|Any CPU
		{B2AFAEBA-CB9E-4BA0-B61A-3E0708847FE9}.Debug|Any CPU.ActiveCfg = Debug|Any CPU
		{B2AFAEBA-CB9E-4BA0-B61A-3E0708847FE9}.Debug|Any CPU.Build.0 = Debug|Any CPU
		{B2AFAEBA-CB9E-4BA0-B61A-3E0708847FE9}.Debug|Mixed Platforms.ActiveCfg = Debug|Any CPU
		{B2AFAEBA-CB9E-4BA0-B61A-3E0708847FE9}.Debug|Mixed Platforms.Build.0 = Debug|Any CPU
		{B2AFAEBA-CB9E-4BA0-B61A-3E0708847FE9}.Debug|x64.ActiveCfg = Debug|Any CPU
		{B2AFAEBA-CB9E-4BA0-B61A-3E0708847FE9}.Debug|x86.ActiveCfg = Debug|Any CPU
		{B2AFAEBA-CB9E-4BA0-B61A-3E0708847FE9}.Release|.NET.ActiveCfg = Release|Any CPU
		{B2AFAEBA-CB9E-4BA0-B61A-3E0708847FE9}.Release|Any CPU.ActiveCfg = Release|Any CPU
		{B2AFAEBA-CB9E-4BA0-B61A-3E0708847FE9}.Release|Any CPU.Build.0 = Release|Any CPU
		{B2AFAEBA-CB9E-4BA0-B61A-3E0708847FE9}.Release|Mixed Platforms.ActiveCfg = Release|Any CPU
		{B2AFAEBA-CB9E-4BA0-B61A-3E0708847FE9}.Release|Mixed Platforms.Build.0 = Release|Any CPU
		{B2AFAEBA-CB9E-4BA0-B61A-3E0708847FE9}.Release|x64.ActiveCfg = Release|Any CPU
		{B2AFAEBA-CB9E-4BA0-B61A-3E0708847FE9}.Release|x86.ActiveCfg = Release|Any CPU
		{A6595739-E966-4F89-B771-6AB481AEDB5D}.Debug|.NET.ActiveCfg = Debug|Any CPU
		{A6595739-E966-4F89-B771-6AB481AEDB5D}.Debug|Any CPU.ActiveCfg = Debug|Any CPU
		{A6595739-E966-4F89-B771-6AB481AEDB5D}.Debug|Any CPU.Build.0 = Debug|Any CPU
		{A6595739-E966-4F89-B771-6AB481AEDB5D}.Debug|Mixed Platforms.ActiveCfg = Debug|Any CPU
		{A6595739-E966-4F89-B771-6AB481AEDB5D}.Debug|Mixed Platforms.Build.0 = Debug|Any CPU
		{A6595739-E966-4F89-B771-6AB481AEDB5D}.Debug|x64.ActiveCfg = Debug|Any CPU
		{A6595739-E966-4F89-B771-6AB481AEDB5D}.Debug|x86.ActiveCfg = Debug|Any CPU
		{A6595739-E966-4F89-B771-6AB481AEDB5D}.Release|.NET.ActiveCfg = Release|Any CPU
		{A6595739-E966-4F89-B771-6AB481AEDB5D}.Release|Any CPU.ActiveCfg = Release|Any CPU
		{A6595739-E966-4F89-B771-6AB481AEDB5D}.Release|Any CPU.Build.0 = Release|Any CPU
		{A6595739-E966-4F89-B771-6AB481AEDB5D}.Release|Mixed Platforms.ActiveCfg = Release|Any CPU
		{A6595739-E966-4F89-B771-6AB481AEDB5D}.Release|Mixed Platforms.Build.0 = Release|Any CPU
		{A6595739-E966-4F89-B771-6AB481AEDB5D}.Release|x64.ActiveCfg = Release|Any CPU
		{A6595739-E966-4F89-B771-6AB481AEDB5D}.Release|x86.ActiveCfg = Release|Any CPU
		{1BD594EE-F5AB-4362-A464-5E8912EB5C50}.Debug|.NET.ActiveCfg = Debug|Any CPU
		{1BD594EE-F5AB-4362-A464-5E8912EB5C50}.Debug|Any CPU.ActiveCfg = Debug|Any CPU
		{1BD594EE-F5AB-4362-A464-5E8912EB5C50}.Debug|Any CPU.Build.0 = Debug|Any CPU
		{1BD594EE-F5AB-4362-A464-5E8912EB5C50}.Debug|Mixed Platforms.ActiveCfg = Debug|Any CPU
		{1BD594EE-F5AB-4362-A464-5E8912EB5C50}.Debug|Mixed Platforms.Build.0 = Debug|Any CPU
		{1BD594EE-F5AB-4362-A464-5E8912EB5C50}.Debug|x64.ActiveCfg = Debug|Any CPU
		{1BD594EE-F5AB-4362-A464-5E8912EB5C50}.Debug|x86.ActiveCfg = Debug|Any CPU
		{1BD594EE-F5AB-4362-A464-5E8912EB5C50}.Release|.NET.ActiveCfg = Release|Any CPU
		{1BD594EE-F5AB-4362-A464-5E8912EB5C50}.Release|Any CPU.ActiveCfg = Release|Any CPU
		{1BD594EE-F5AB-4362-A464-5E8912EB5C50}.Release|Any CPU.Build.0 = Release|Any CPU
		{1BD594EE-F5AB-4362-A464-5E8912EB5C50}.Release|Mixed Platforms.ActiveCfg = Release|Any CPU
		{1BD594EE-F5AB-4362-A464-5E8912EB5C50}.Release|Mixed Platforms.Build.0 = Release|Any CPU
		{1BD594EE-F5AB-4362-A464-5E8912EB5C50}.Release|x64.ActiveCfg = Release|Any CPU
		{1BD594EE-F5AB-4362-A464-5E8912EB5C50}.Release|x86.ActiveCfg = Release|Any CPU
		{78B7FFA7-1B0A-4838-8CB7-A7E224E925F8}.Debug|.NET.ActiveCfg = Debug|Any CPU
		{78B7FFA7-1B0A-4838-8CB7-A7E224E925F8}.Debug|Any CPU.ActiveCfg = Debug|Any CPU
		{78B7FFA7-1B0A-4838-8CB7-A7E224E925F8}.Debug|Any CPU.Build.0 = Debug|Any CPU
		{78B7FFA7-1B0A-4838-8CB7-A7E224E925F8}.Debug|Mixed Platforms.ActiveCfg = Debug|Any CPU
		{78B7FFA7-1B0A-4838-8CB7-A7E224E925F8}.Debug|Mixed Platforms.Build.0 = Debug|Any CPU
		{78B7FFA7-1B0A-4838-8CB7-A7E224E925F8}.Debug|x64.ActiveCfg = Debug|Any CPU
		{78B7FFA7-1B0A-4838-8CB7-A7E224E925F8}.Debug|x86.ActiveCfg = Debug|Any CPU
		{78B7FFA7-1B0A-4838-8CB7-A7E224E925F8}.Release|.NET.ActiveCfg = Release|Any CPU
		{78B7FFA7-1B0A-4838-8CB7-A7E224E925F8}.Release|Any CPU.ActiveCfg = Release|Any CPU
		{78B7FFA7-1B0A-4838-8CB7-A7E224E925F8}.Release|Any CPU.Build.0 = Release|Any CPU
		{78B7FFA7-1B0A-4838-8CB7-A7E224E925F8}.Release|Mixed Platforms.ActiveCfg = Release|Any CPU
		{78B7FFA7-1B0A-4838-8CB7-A7E224E925F8}.Release|Mixed Platforms.Build.0 = Release|Any CPU
		{78B7FFA7-1B0A-4838-8CB7-A7E224E925F8}.Release|x64.ActiveCfg = Release|Any CPU
		{78B7FFA7-1B0A-4838-8CB7-A7E224E925F8}.Release|x86.ActiveCfg = Release|Any CPU
		{62CB94E3-DB61-4AD5-8988-3F1B69392D4B}.Debug|.NET.ActiveCfg = Debug|Any CPU
		{62CB94E3-DB61-4AD5-8988-3F1B69392D4B}.Debug|Any CPU.ActiveCfg = Debug|Any CPU
		{62CB94E3-DB61-4AD5-8988-3F1B69392D4B}.Debug|Any CPU.Build.0 = Debug|Any CPU
		{62CB94E3-DB61-4AD5-8988-3F1B69392D4B}.Debug|Mixed Platforms.ActiveCfg = Debug|Any CPU
		{62CB94E3-DB61-4AD5-8988-3F1B69392D4B}.Debug|Mixed Platforms.Build.0 = Debug|Any CPU
		{62CB94E3-DB61-4AD5-8988-3F1B69392D4B}.Debug|x64.ActiveCfg = Debug|Any CPU
		{62CB94E3-DB61-4AD5-8988-3F1B69392D4B}.Debug|x86.ActiveCfg = Debug|Any CPU
		{62CB94E3-DB61-4AD5-8988-3F1B69392D4B}.Release|.NET.ActiveCfg = Release|Any CPU
		{62CB94E3-DB61-4AD5-8988-3F1B69392D4B}.Release|Any CPU.ActiveCfg = Release|Any CPU
		{62CB94E3-DB61-4AD5-8988-3F1B69392D4B}.Release|Any CPU.Build.0 = Release|Any CPU
		{62CB94E3-DB61-4AD5-8988-3F1B69392D4B}.Release|Mixed Platforms.ActiveCfg = Release|Any CPU
		{62CB94E3-DB61-4AD5-8988-3F1B69392D4B}.Release|Mixed Platforms.Build.0 = Release|Any CPU
		{62CB94E3-DB61-4AD5-8988-3F1B69392D4B}.Release|x64.ActiveCfg = Release|Any CPU
		{62CB94E3-DB61-4AD5-8988-3F1B69392D4B}.Release|x86.ActiveCfg = Release|Any CPU
		{4312067D-A934-4C4D-871E-0406DD68007C}.Debug|.NET.ActiveCfg = Debug|Any CPU
		{4312067D-A934-4C4D-871E-0406DD68007C}.Debug|Any CPU.ActiveCfg = Debug|Any CPU
		{4312067D-A934-4C4D-871E-0406DD68007C}.Debug|Any CPU.Build.0 = Debug|Any CPU
		{4312067D-A934-4C4D-871E-0406DD68007C}.Debug|Mixed Platforms.ActiveCfg = Debug|Any CPU
		{4312067D-A934-4C4D-871E-0406DD68007C}.Debug|Mixed Platforms.Build.0 = Debug|Any CPU
		{4312067D-A934-4C4D-871E-0406DD68007C}.Debug|x64.ActiveCfg = Debug|Any CPU
		{4312067D-A934-4C4D-871E-0406DD68007C}.Debug|x86.ActiveCfg = Debug|x86
		{4312067D-A934-4C4D-871E-0406DD68007C}.Debug|x86.Build.0 = Debug|x86
		{4312067D-A934-4C4D-871E-0406DD68007C}.Release|.NET.ActiveCfg = Release|Any CPU
		{4312067D-A934-4C4D-871E-0406DD68007C}.Release|Any CPU.ActiveCfg = Release|Any CPU
		{4312067D-A934-4C4D-871E-0406DD68007C}.Release|Any CPU.Build.0 = Release|Any CPU
		{4312067D-A934-4C4D-871E-0406DD68007C}.Release|Mixed Platforms.ActiveCfg = Release|x86
		{4312067D-A934-4C4D-871E-0406DD68007C}.Release|Mixed Platforms.Build.0 = Release|x86
		{4312067D-A934-4C4D-871E-0406DD68007C}.Release|x64.ActiveCfg = Release|Any CPU
		{4312067D-A934-4C4D-871E-0406DD68007C}.Release|x86.ActiveCfg = Release|x86
		{4312067D-A934-4C4D-871E-0406DD68007C}.Release|x86.Build.0 = Release|x86
		{1F08DA59-6821-42C5-809D-0F3B6F27E109}.Debug|.NET.ActiveCfg = Debug|Any CPU
		{1F08DA59-6821-42C5-809D-0F3B6F27E109}.Debug|Any CPU.ActiveCfg = Debug|Any CPU
		{1F08DA59-6821-42C5-809D-0F3B6F27E109}.Debug|Any CPU.Build.0 = Debug|Any CPU
		{1F08DA59-6821-42C5-809D-0F3B6F27E109}.Debug|Mixed Platforms.ActiveCfg = Debug|Any CPU
		{1F08DA59-6821-42C5-809D-0F3B6F27E109}.Debug|Mixed Platforms.Build.0 = Debug|Any CPU
		{1F08DA59-6821-42C5-809D-0F3B6F27E109}.Debug|x64.ActiveCfg = Debug|Any CPU
		{1F08DA59-6821-42C5-809D-0F3B6F27E109}.Debug|x86.ActiveCfg = Debug|x86
		{1F08DA59-6821-42C5-809D-0F3B6F27E109}.Debug|x86.Build.0 = Debug|x86
		{1F08DA59-6821-42C5-809D-0F3B6F27E109}.Release|.NET.ActiveCfg = Release|Any CPU
		{1F08DA59-6821-42C5-809D-0F3B6F27E109}.Release|Any CPU.ActiveCfg = Release|Any CPU
		{1F08DA59-6821-42C5-809D-0F3B6F27E109}.Release|Any CPU.Build.0 = Release|Any CPU
		{1F08DA59-6821-42C5-809D-0F3B6F27E109}.Release|Mixed Platforms.ActiveCfg = Release|x86
		{1F08DA59-6821-42C5-809D-0F3B6F27E109}.Release|Mixed Platforms.Build.0 = Release|x86
		{1F08DA59-6821-42C5-809D-0F3B6F27E109}.Release|x64.ActiveCfg = Release|Any CPU
		{1F08DA59-6821-42C5-809D-0F3B6F27E109}.Release|x86.ActiveCfg = Release|x86
		{1F08DA59-6821-42C5-809D-0F3B6F27E109}.Release|x86.Build.0 = Release|x86
		{CCFB6FAB-8100-4D29-AD7B-0F5941092B73}.Debug|.NET.ActiveCfg = Debug|Any CPU
		{CCFB6FAB-8100-4D29-AD7B-0F5941092B73}.Debug|Any CPU.ActiveCfg = Debug|Any CPU
		{CCFB6FAB-8100-4D29-AD7B-0F5941092B73}.Debug|Any CPU.Build.0 = Debug|Any CPU
		{CCFB6FAB-8100-4D29-AD7B-0F5941092B73}.Debug|Mixed Platforms.ActiveCfg = Debug|Any CPU
		{CCFB6FAB-8100-4D29-AD7B-0F5941092B73}.Debug|Mixed Platforms.Build.0 = Debug|Any CPU
		{CCFB6FAB-8100-4D29-AD7B-0F5941092B73}.Debug|x64.ActiveCfg = Debug|Any CPU
		{CCFB6FAB-8100-4D29-AD7B-0F5941092B73}.Debug|x86.ActiveCfg = Debug|Any CPU
		{CCFB6FAB-8100-4D29-AD7B-0F5941092B73}.Release|.NET.ActiveCfg = Release|Any CPU
		{CCFB6FAB-8100-4D29-AD7B-0F5941092B73}.Release|Any CPU.ActiveCfg = Release|Any CPU
		{CCFB6FAB-8100-4D29-AD7B-0F5941092B73}.Release|Any CPU.Build.0 = Release|Any CPU
		{CCFB6FAB-8100-4D29-AD7B-0F5941092B73}.Release|Mixed Platforms.ActiveCfg = Release|Any CPU
		{CCFB6FAB-8100-4D29-AD7B-0F5941092B73}.Release|Mixed Platforms.Build.0 = Release|Any CPU
		{CCFB6FAB-8100-4D29-AD7B-0F5941092B73}.Release|x64.ActiveCfg = Release|Any CPU
		{CCFB6FAB-8100-4D29-AD7B-0F5941092B73}.Release|x86.ActiveCfg = Release|Any CPU
		{6F7D19F0-97B2-4576-866F-275869AD62C0}.Debug|.NET.ActiveCfg = Debug|Any CPU
		{6F7D19F0-97B2-4576-866F-275869AD62C0}.Debug|Any CPU.ActiveCfg = Debug|Any CPU
		{6F7D19F0-97B2-4576-866F-275869AD62C0}.Debug|Any CPU.Build.0 = Debug|Any CPU
		{6F7D19F0-97B2-4576-866F-275869AD62C0}.Debug|Mixed Platforms.ActiveCfg = Debug|Any CPU
		{6F7D19F0-97B2-4576-866F-275869AD62C0}.Debug|Mixed Platforms.Build.0 = Debug|Any CPU
		{6F7D19F0-97B2-4576-866F-275869AD62C0}.Debug|x64.ActiveCfg = Debug|Any CPU
		{6F7D19F0-97B2-4576-866F-275869AD62C0}.Debug|x86.ActiveCfg = Debug|Any CPU
		{6F7D19F0-97B2-4576-866F-275869AD62C0}.Release|.NET.ActiveCfg = Release|Any CPU
		{6F7D19F0-97B2-4576-866F-275869AD62C0}.Release|Any CPU.ActiveCfg = Release|Any CPU
		{6F7D19F0-97B2-4576-866F-275869AD62C0}.Release|Any CPU.Build.0 = Release|Any CPU
		{6F7D19F0-97B2-4576-866F-275869AD62C0}.Release|Mixed Platforms.ActiveCfg = Release|Any CPU
		{6F7D19F0-97B2-4576-866F-275869AD62C0}.Release|Mixed Platforms.Build.0 = Release|Any CPU
		{6F7D19F0-97B2-4576-866F-275869AD62C0}.Release|x64.ActiveCfg = Release|Any CPU
		{6F7D19F0-97B2-4576-866F-275869AD62C0}.Release|x86.ActiveCfg = Release|Any CPU
		{ED348198-7F94-4556-9E5C-AEC3806CF6FB}.Debug|.NET.ActiveCfg = Debug|Any CPU
		{ED348198-7F94-4556-9E5C-AEC3806CF6FB}.Debug|Any CPU.ActiveCfg = Debug|Any CPU
		{ED348198-7F94-4556-9E5C-AEC3806CF6FB}.Debug|Any CPU.Build.0 = Debug|Any CPU
		{ED348198-7F94-4556-9E5C-AEC3806CF6FB}.Debug|Mixed Platforms.ActiveCfg = Debug|Any CPU
		{ED348198-7F94-4556-9E5C-AEC3806CF6FB}.Debug|Mixed Platforms.Build.0 = Debug|Any CPU
		{ED348198-7F94-4556-9E5C-AEC3806CF6FB}.Debug|x64.ActiveCfg = Debug|Any CPU
		{ED348198-7F94-4556-9E5C-AEC3806CF6FB}.Debug|x86.ActiveCfg = Debug|Any CPU
		{ED348198-7F94-4556-9E5C-AEC3806CF6FB}.Release|.NET.ActiveCfg = Release|Any CPU
		{ED348198-7F94-4556-9E5C-AEC3806CF6FB}.Release|Any CPU.ActiveCfg = Release|Any CPU
		{ED348198-7F94-4556-9E5C-AEC3806CF6FB}.Release|Any CPU.Build.0 = Release|Any CPU
		{ED348198-7F94-4556-9E5C-AEC3806CF6FB}.Release|Mixed Platforms.ActiveCfg = Release|Any CPU
		{ED348198-7F94-4556-9E5C-AEC3806CF6FB}.Release|Mixed Platforms.Build.0 = Release|Any CPU
		{ED348198-7F94-4556-9E5C-AEC3806CF6FB}.Release|x64.ActiveCfg = Release|Any CPU
		{ED348198-7F94-4556-9E5C-AEC3806CF6FB}.Release|x86.ActiveCfg = Release|Any CPU
		{96FB9F4A-EC54-427A-BDC1-BF370C2A9215}.Debug|.NET.ActiveCfg = Debug|Any CPU
		{96FB9F4A-EC54-427A-BDC1-BF370C2A9215}.Debug|Any CPU.ActiveCfg = Debug|Any CPU
		{96FB9F4A-EC54-427A-BDC1-BF370C2A9215}.Debug|Any CPU.Build.0 = Debug|Any CPU
		{96FB9F4A-EC54-427A-BDC1-BF370C2A9215}.Debug|Mixed Platforms.ActiveCfg = Debug|Any CPU
		{96FB9F4A-EC54-427A-BDC1-BF370C2A9215}.Debug|Mixed Platforms.Build.0 = Debug|Any CPU
		{96FB9F4A-EC54-427A-BDC1-BF370C2A9215}.Debug|x64.ActiveCfg = Debug|Any CPU
		{96FB9F4A-EC54-427A-BDC1-BF370C2A9215}.Debug|x86.ActiveCfg = Debug|Any CPU
		{96FB9F4A-EC54-427A-BDC1-BF370C2A9215}.Release|.NET.ActiveCfg = Release|Any CPU
		{96FB9F4A-EC54-427A-BDC1-BF370C2A9215}.Release|Any CPU.ActiveCfg = Release|Any CPU
		{96FB9F4A-EC54-427A-BDC1-BF370C2A9215}.Release|Any CPU.Build.0 = Release|Any CPU
		{96FB9F4A-EC54-427A-BDC1-BF370C2A9215}.Release|Mixed Platforms.ActiveCfg = Release|Any CPU
		{96FB9F4A-EC54-427A-BDC1-BF370C2A9215}.Release|Mixed Platforms.Build.0 = Release|Any CPU
		{96FB9F4A-EC54-427A-BDC1-BF370C2A9215}.Release|x64.ActiveCfg = Release|Any CPU
		{96FB9F4A-EC54-427A-BDC1-BF370C2A9215}.Release|x86.ActiveCfg = Release|Any CPU
		{B7630937-FCCB-4D12-B89A-0346CD12ADF6}.Debug|.NET.ActiveCfg = Debug|Any CPU
		{B7630937-FCCB-4D12-B89A-0346CD12ADF6}.Debug|Any CPU.ActiveCfg = Debug|Any CPU
		{B7630937-FCCB-4D12-B89A-0346CD12ADF6}.Debug|Any CPU.Build.0 = Debug|Any CPU
		{B7630937-FCCB-4D12-B89A-0346CD12ADF6}.Debug|Mixed Platforms.ActiveCfg = Debug|Any CPU
		{B7630937-FCCB-4D12-B89A-0346CD12ADF6}.Debug|Mixed Platforms.Build.0 = Debug|Any CPU
		{B7630937-FCCB-4D12-B89A-0346CD12ADF6}.Debug|x64.ActiveCfg = Debug|Any CPU
		{B7630937-FCCB-4D12-B89A-0346CD12ADF6}.Debug|x86.ActiveCfg = Debug|Any CPU
		{B7630937-FCCB-4D12-B89A-0346CD12ADF6}.Release|.NET.ActiveCfg = Release|Any CPU
		{B7630937-FCCB-4D12-B89A-0346CD12ADF6}.Release|Any CPU.ActiveCfg = Release|Any CPU
		{B7630937-FCCB-4D12-B89A-0346CD12ADF6}.Release|Any CPU.Build.0 = Release|Any CPU
		{B7630937-FCCB-4D12-B89A-0346CD12ADF6}.Release|Mixed Platforms.ActiveCfg = Release|Any CPU
		{B7630937-FCCB-4D12-B89A-0346CD12ADF6}.Release|Mixed Platforms.Build.0 = Release|Any CPU
		{B7630937-FCCB-4D12-B89A-0346CD12ADF6}.Release|x64.ActiveCfg = Release|Any CPU
		{B7630937-FCCB-4D12-B89A-0346CD12ADF6}.Release|x86.ActiveCfg = Release|Any CPU
		{07BE0E61-3019-457C-A2DA-CF18B98EACB8}.Debug|.NET.ActiveCfg = Debug|Any CPU
		{07BE0E61-3019-457C-A2DA-CF18B98EACB8}.Debug|Any CPU.ActiveCfg = Debug|Any CPU
		{07BE0E61-3019-457C-A2DA-CF18B98EACB8}.Debug|Any CPU.Build.0 = Debug|Any CPU
		{07BE0E61-3019-457C-A2DA-CF18B98EACB8}.Debug|Mixed Platforms.ActiveCfg = Debug|Any CPU
		{07BE0E61-3019-457C-A2DA-CF18B98EACB8}.Debug|Mixed Platforms.Build.0 = Debug|Any CPU
		{07BE0E61-3019-457C-A2DA-CF18B98EACB8}.Debug|x64.ActiveCfg = Debug|Any CPU
		{07BE0E61-3019-457C-A2DA-CF18B98EACB8}.Debug|x86.ActiveCfg = Debug|Any CPU
		{07BE0E61-3019-457C-A2DA-CF18B98EACB8}.Release|.NET.ActiveCfg = Release|Any CPU
		{07BE0E61-3019-457C-A2DA-CF18B98EACB8}.Release|Any CPU.ActiveCfg = Release|Any CPU
		{07BE0E61-3019-457C-A2DA-CF18B98EACB8}.Release|Any CPU.Build.0 = Release|Any CPU
		{07BE0E61-3019-457C-A2DA-CF18B98EACB8}.Release|Mixed Platforms.ActiveCfg = Release|Any CPU
		{07BE0E61-3019-457C-A2DA-CF18B98EACB8}.Release|Mixed Platforms.Build.0 = Release|Any CPU
		{07BE0E61-3019-457C-A2DA-CF18B98EACB8}.Release|x64.ActiveCfg = Release|Any CPU
		{07BE0E61-3019-457C-A2DA-CF18B98EACB8}.Release|x86.ActiveCfg = Release|Any CPU
		{DCE2394D-E085-4299-92BA-38DCB714A0B4}.Debug|.NET.ActiveCfg = Debug|Any CPU
		{DCE2394D-E085-4299-92BA-38DCB714A0B4}.Debug|Any CPU.ActiveCfg = Debug|Any CPU
		{DCE2394D-E085-4299-92BA-38DCB714A0B4}.Debug|Any CPU.Build.0 = Debug|Any CPU
		{DCE2394D-E085-4299-92BA-38DCB714A0B4}.Debug|Mixed Platforms.ActiveCfg = Debug|Any CPU
		{DCE2394D-E085-4299-92BA-38DCB714A0B4}.Debug|Mixed Platforms.Build.0 = Debug|Any CPU
		{DCE2394D-E085-4299-92BA-38DCB714A0B4}.Debug|x64.ActiveCfg = Debug|Any CPU
		{DCE2394D-E085-4299-92BA-38DCB714A0B4}.Debug|x86.ActiveCfg = Debug|Any CPU
		{DCE2394D-E085-4299-92BA-38DCB714A0B4}.Release|.NET.ActiveCfg = Release|Any CPU
		{DCE2394D-E085-4299-92BA-38DCB714A0B4}.Release|Any CPU.ActiveCfg = Release|Any CPU
		{DCE2394D-E085-4299-92BA-38DCB714A0B4}.Release|Any CPU.Build.0 = Release|Any CPU
		{DCE2394D-E085-4299-92BA-38DCB714A0B4}.Release|Mixed Platforms.ActiveCfg = Release|Any CPU
		{DCE2394D-E085-4299-92BA-38DCB714A0B4}.Release|Mixed Platforms.Build.0 = Release|Any CPU
		{DCE2394D-E085-4299-92BA-38DCB714A0B4}.Release|x64.ActiveCfg = Release|Any CPU
		{DCE2394D-E085-4299-92BA-38DCB714A0B4}.Release|x86.ActiveCfg = Release|Any CPU
		{75A9E72A-1EFE-4DAE-966B-E508A2BC1463}.Debug|.NET.ActiveCfg = Debug|Any CPU
		{75A9E72A-1EFE-4DAE-966B-E508A2BC1463}.Debug|.NET.Build.0 = Debug|Any CPU
		{75A9E72A-1EFE-4DAE-966B-E508A2BC1463}.Debug|Any CPU.ActiveCfg = Debug|Any CPU
		{75A9E72A-1EFE-4DAE-966B-E508A2BC1463}.Debug|Any CPU.Build.0 = Debug|Any CPU
		{75A9E72A-1EFE-4DAE-966B-E508A2BC1463}.Debug|Mixed Platforms.ActiveCfg = Debug|Any CPU
		{75A9E72A-1EFE-4DAE-966B-E508A2BC1463}.Debug|Mixed Platforms.Build.0 = Debug|Any CPU
		{75A9E72A-1EFE-4DAE-966B-E508A2BC1463}.Debug|x64.ActiveCfg = Debug|Any CPU
		{75A9E72A-1EFE-4DAE-966B-E508A2BC1463}.Debug|x64.Build.0 = Debug|Any CPU
		{75A9E72A-1EFE-4DAE-966B-E508A2BC1463}.Debug|x86.ActiveCfg = Debug|Any CPU
		{75A9E72A-1EFE-4DAE-966B-E508A2BC1463}.Debug|x86.Build.0 = Debug|Any CPU
		{75A9E72A-1EFE-4DAE-966B-E508A2BC1463}.Release|.NET.ActiveCfg = Release|Any CPU
		{75A9E72A-1EFE-4DAE-966B-E508A2BC1463}.Release|.NET.Build.0 = Release|Any CPU
		{75A9E72A-1EFE-4DAE-966B-E508A2BC1463}.Release|Any CPU.ActiveCfg = Release|Any CPU
		{75A9E72A-1EFE-4DAE-966B-E508A2BC1463}.Release|Any CPU.Build.0 = Release|Any CPU
		{75A9E72A-1EFE-4DAE-966B-E508A2BC1463}.Release|Mixed Platforms.ActiveCfg = Release|Any CPU
		{75A9E72A-1EFE-4DAE-966B-E508A2BC1463}.Release|Mixed Platforms.Build.0 = Release|Any CPU
		{75A9E72A-1EFE-4DAE-966B-E508A2BC1463}.Release|x64.ActiveCfg = Release|Any CPU
		{75A9E72A-1EFE-4DAE-966B-E508A2BC1463}.Release|x64.Build.0 = Release|Any CPU
		{75A9E72A-1EFE-4DAE-966B-E508A2BC1463}.Release|x86.ActiveCfg = Release|Any CPU
		{75A9E72A-1EFE-4DAE-966B-E508A2BC1463}.Release|x86.Build.0 = Release|Any CPU
		{0D5D3262-2BE1-42FE-9050-757073F1A313}.Debug|.NET.ActiveCfg = Debug|Any CPU
		{0D5D3262-2BE1-42FE-9050-757073F1A313}.Debug|.NET.Build.0 = Debug|Any CPU
		{0D5D3262-2BE1-42FE-9050-757073F1A313}.Debug|Any CPU.ActiveCfg = Debug|Any CPU
		{0D5D3262-2BE1-42FE-9050-757073F1A313}.Debug|Any CPU.Build.0 = Debug|Any CPU
		{0D5D3262-2BE1-42FE-9050-757073F1A313}.Debug|Mixed Platforms.ActiveCfg = Debug|Any CPU
		{0D5D3262-2BE1-42FE-9050-757073F1A313}.Debug|Mixed Platforms.Build.0 = Debug|Any CPU
		{0D5D3262-2BE1-42FE-9050-757073F1A313}.Debug|x64.ActiveCfg = Debug|Any CPU
		{0D5D3262-2BE1-42FE-9050-757073F1A313}.Debug|x64.Build.0 = Debug|Any CPU
		{0D5D3262-2BE1-42FE-9050-757073F1A313}.Debug|x86.ActiveCfg = Debug|Any CPU
		{0D5D3262-2BE1-42FE-9050-757073F1A313}.Debug|x86.Build.0 = Debug|Any CPU
		{0D5D3262-2BE1-42FE-9050-757073F1A313}.Release|.NET.ActiveCfg = Release|Any CPU
		{0D5D3262-2BE1-42FE-9050-757073F1A313}.Release|.NET.Build.0 = Release|Any CPU
		{0D5D3262-2BE1-42FE-9050-757073F1A313}.Release|Any CPU.ActiveCfg = Release|Any CPU
		{0D5D3262-2BE1-42FE-9050-757073F1A313}.Release|Any CPU.Build.0 = Release|Any CPU
		{0D5D3262-2BE1-42FE-9050-757073F1A313}.Release|Mixed Platforms.ActiveCfg = Release|Any CPU
		{0D5D3262-2BE1-42FE-9050-757073F1A313}.Release|Mixed Platforms.Build.0 = Release|Any CPU
		{0D5D3262-2BE1-42FE-9050-757073F1A313}.Release|x64.ActiveCfg = Release|Any CPU
		{0D5D3262-2BE1-42FE-9050-757073F1A313}.Release|x64.Build.0 = Release|Any CPU
		{0D5D3262-2BE1-42FE-9050-757073F1A313}.Release|x86.ActiveCfg = Release|Any CPU
		{0D5D3262-2BE1-42FE-9050-757073F1A313}.Release|x86.Build.0 = Release|Any CPU
		{00C78BFB-59D4-4586-B79C-E1E4EDF8DD6B}.Debug|.NET.ActiveCfg = Debug|Any CPU
		{00C78BFB-59D4-4586-B79C-E1E4EDF8DD6B}.Debug|.NET.Build.0 = Debug|Any CPU
		{00C78BFB-59D4-4586-B79C-E1E4EDF8DD6B}.Debug|Any CPU.ActiveCfg = Debug|Any CPU
		{00C78BFB-59D4-4586-B79C-E1E4EDF8DD6B}.Debug|Any CPU.Build.0 = Debug|Any CPU
		{00C78BFB-59D4-4586-B79C-E1E4EDF8DD6B}.Debug|Mixed Platforms.ActiveCfg = Debug|Any CPU
		{00C78BFB-59D4-4586-B79C-E1E4EDF8DD6B}.Debug|Mixed Platforms.Build.0 = Debug|Any CPU
		{00C78BFB-59D4-4586-B79C-E1E4EDF8DD6B}.Debug|x64.ActiveCfg = Debug|Any CPU
		{00C78BFB-59D4-4586-B79C-E1E4EDF8DD6B}.Debug|x64.Build.0 = Debug|Any CPU
		{00C78BFB-59D4-4586-B79C-E1E4EDF8DD6B}.Debug|x86.ActiveCfg = Debug|Any CPU
		{00C78BFB-59D4-4586-B79C-E1E4EDF8DD6B}.Debug|x86.Build.0 = Debug|Any CPU
		{00C78BFB-59D4-4586-B79C-E1E4EDF8DD6B}.Release|.NET.ActiveCfg = Release|Any CPU
		{00C78BFB-59D4-4586-B79C-E1E4EDF8DD6B}.Release|.NET.Build.0 = Release|Any CPU
		{00C78BFB-59D4-4586-B79C-E1E4EDF8DD6B}.Release|Any CPU.ActiveCfg = Release|Any CPU
		{00C78BFB-59D4-4586-B79C-E1E4EDF8DD6B}.Release|Any CPU.Build.0 = Release|Any CPU
		{00C78BFB-59D4-4586-B79C-E1E4EDF8DD6B}.Release|Mixed Platforms.ActiveCfg = Release|Any CPU
		{00C78BFB-59D4-4586-B79C-E1E4EDF8DD6B}.Release|Mixed Platforms.Build.0 = Release|Any CPU
		{00C78BFB-59D4-4586-B79C-E1E4EDF8DD6B}.Release|x64.ActiveCfg = Release|Any CPU
		{00C78BFB-59D4-4586-B79C-E1E4EDF8DD6B}.Release|x64.Build.0 = Release|Any CPU
		{00C78BFB-59D4-4586-B79C-E1E4EDF8DD6B}.Release|x86.ActiveCfg = Release|Any CPU
		{00C78BFB-59D4-4586-B79C-E1E4EDF8DD6B}.Release|x86.Build.0 = Release|Any CPU
		{E43252D2-1158-40C6-99D3-36450B148C93}.Debug|.NET.ActiveCfg = Debug|Any CPU
		{E43252D2-1158-40C6-99D3-36450B148C93}.Debug|.NET.Build.0 = Debug|Any CPU
		{E43252D2-1158-40C6-99D3-36450B148C93}.Debug|Any CPU.ActiveCfg = Debug|Any CPU
		{E43252D2-1158-40C6-99D3-36450B148C93}.Debug|Any CPU.Build.0 = Debug|Any CPU
		{E43252D2-1158-40C6-99D3-36450B148C93}.Debug|Mixed Platforms.ActiveCfg = Debug|Any CPU
		{E43252D2-1158-40C6-99D3-36450B148C93}.Debug|Mixed Platforms.Build.0 = Debug|Any CPU
		{E43252D2-1158-40C6-99D3-36450B148C93}.Debug|x64.ActiveCfg = Debug|Any CPU
		{E43252D2-1158-40C6-99D3-36450B148C93}.Debug|x64.Build.0 = Debug|Any CPU
		{E43252D2-1158-40C6-99D3-36450B148C93}.Debug|x86.ActiveCfg = Debug|Any CPU
		{E43252D2-1158-40C6-99D3-36450B148C93}.Debug|x86.Build.0 = Debug|Any CPU
		{E43252D2-1158-40C6-99D3-36450B148C93}.Release|.NET.ActiveCfg = Release|Any CPU
		{E43252D2-1158-40C6-99D3-36450B148C93}.Release|.NET.Build.0 = Release|Any CPU
		{E43252D2-1158-40C6-99D3-36450B148C93}.Release|Any CPU.ActiveCfg = Release|Any CPU
		{E43252D2-1158-40C6-99D3-36450B148C93}.Release|Any CPU.Build.0 = Release|Any CPU
		{E43252D2-1158-40C6-99D3-36450B148C93}.Release|Mixed Platforms.ActiveCfg = Release|Any CPU
		{E43252D2-1158-40C6-99D3-36450B148C93}.Release|Mixed Platforms.Build.0 = Release|Any CPU
		{E43252D2-1158-40C6-99D3-36450B148C93}.Release|x64.ActiveCfg = Release|Any CPU
		{E43252D2-1158-40C6-99D3-36450B148C93}.Release|x64.Build.0 = Release|Any CPU
		{E43252D2-1158-40C6-99D3-36450B148C93}.Release|x86.ActiveCfg = Release|Any CPU
		{E43252D2-1158-40C6-99D3-36450B148C93}.Release|x86.Build.0 = Release|Any CPU
		{AD4DEA99-09FE-4CDD-9CEA-7F265ACDD987}.Debug|.NET.ActiveCfg = Debug|Any CPU
		{AD4DEA99-09FE-4CDD-9CEA-7F265ACDD987}.Debug|.NET.Build.0 = Debug|Any CPU
		{AD4DEA99-09FE-4CDD-9CEA-7F265ACDD987}.Debug|Any CPU.ActiveCfg = Debug|Any CPU
		{AD4DEA99-09FE-4CDD-9CEA-7F265ACDD987}.Debug|Any CPU.Build.0 = Debug|Any CPU
		{AD4DEA99-09FE-4CDD-9CEA-7F265ACDD987}.Debug|Mixed Platforms.ActiveCfg = Debug|Any CPU
		{AD4DEA99-09FE-4CDD-9CEA-7F265ACDD987}.Debug|Mixed Platforms.Build.0 = Debug|Any CPU
		{AD4DEA99-09FE-4CDD-9CEA-7F265ACDD987}.Debug|x64.ActiveCfg = Debug|Any CPU
		{AD4DEA99-09FE-4CDD-9CEA-7F265ACDD987}.Debug|x64.Build.0 = Debug|Any CPU
		{AD4DEA99-09FE-4CDD-9CEA-7F265ACDD987}.Debug|x86.ActiveCfg = Debug|Any CPU
		{AD4DEA99-09FE-4CDD-9CEA-7F265ACDD987}.Debug|x86.Build.0 = Debug|Any CPU
		{AD4DEA99-09FE-4CDD-9CEA-7F265ACDD987}.Release|.NET.ActiveCfg = Release|Any CPU
		{AD4DEA99-09FE-4CDD-9CEA-7F265ACDD987}.Release|.NET.Build.0 = Release|Any CPU
		{AD4DEA99-09FE-4CDD-9CEA-7F265ACDD987}.Release|Any CPU.ActiveCfg = Release|Any CPU
		{AD4DEA99-09FE-4CDD-9CEA-7F265ACDD987}.Release|Any CPU.Build.0 = Release|Any CPU
		{AD4DEA99-09FE-4CDD-9CEA-7F265ACDD987}.Release|Mixed Platforms.ActiveCfg = Release|Any CPU
		{AD4DEA99-09FE-4CDD-9CEA-7F265ACDD987}.Release|Mixed Platforms.Build.0 = Release|Any CPU
		{AD4DEA99-09FE-4CDD-9CEA-7F265ACDD987}.Release|x64.ActiveCfg = Release|Any CPU
		{AD4DEA99-09FE-4CDD-9CEA-7F265ACDD987}.Release|x64.Build.0 = Release|Any CPU
		{AD4DEA99-09FE-4CDD-9CEA-7F265ACDD987}.Release|x86.ActiveCfg = Release|Any CPU
		{AD4DEA99-09FE-4CDD-9CEA-7F265ACDD987}.Release|x86.Build.0 = Release|Any CPU
		{B9607B32-8776-48B8-965D-7B08A7A70663}.Debug|.NET.ActiveCfg = Debug|Any CPU
		{B9607B32-8776-48B8-965D-7B08A7A70663}.Debug|.NET.Build.0 = Debug|Any CPU
		{B9607B32-8776-48B8-965D-7B08A7A70663}.Debug|Any CPU.ActiveCfg = Debug|Any CPU
		{B9607B32-8776-48B8-965D-7B08A7A70663}.Debug|Any CPU.Build.0 = Debug|Any CPU
		{B9607B32-8776-48B8-965D-7B08A7A70663}.Debug|Mixed Platforms.ActiveCfg = Debug|Any CPU
		{B9607B32-8776-48B8-965D-7B08A7A70663}.Debug|Mixed Platforms.Build.0 = Debug|Any CPU
		{B9607B32-8776-48B8-965D-7B08A7A70663}.Debug|x64.ActiveCfg = Debug|Any CPU
		{B9607B32-8776-48B8-965D-7B08A7A70663}.Debug|x64.Build.0 = Debug|Any CPU
		{B9607B32-8776-48B8-965D-7B08A7A70663}.Debug|x86.ActiveCfg = Debug|Any CPU
		{B9607B32-8776-48B8-965D-7B08A7A70663}.Debug|x86.Build.0 = Debug|Any CPU
		{B9607B32-8776-48B8-965D-7B08A7A70663}.Release|.NET.ActiveCfg = Release|Any CPU
		{B9607B32-8776-48B8-965D-7B08A7A70663}.Release|.NET.Build.0 = Release|Any CPU
		{B9607B32-8776-48B8-965D-7B08A7A70663}.Release|Any CPU.ActiveCfg = Release|Any CPU
		{B9607B32-8776-48B8-965D-7B08A7A70663}.Release|Any CPU.Build.0 = Release|Any CPU
		{B9607B32-8776-48B8-965D-7B08A7A70663}.Release|Mixed Platforms.ActiveCfg = Release|Any CPU
		{B9607B32-8776-48B8-965D-7B08A7A70663}.Release|Mixed Platforms.Build.0 = Release|Any CPU
		{B9607B32-8776-48B8-965D-7B08A7A70663}.Release|x64.ActiveCfg = Release|Any CPU
		{B9607B32-8776-48B8-965D-7B08A7A70663}.Release|x64.Build.0 = Release|Any CPU
		{B9607B32-8776-48B8-965D-7B08A7A70663}.Release|x86.ActiveCfg = Release|Any CPU
		{B9607B32-8776-48B8-965D-7B08A7A70663}.Release|x86.Build.0 = Release|Any CPU
		{CBF57691-B757-4127-B61B-6A6C58335636}.Debug|.NET.ActiveCfg = Debug|Any CPU
		{CBF57691-B757-4127-B61B-6A6C58335636}.Debug|.NET.Build.0 = Debug|Any CPU
		{CBF57691-B757-4127-B61B-6A6C58335636}.Debug|Any CPU.ActiveCfg = Debug|Any CPU
		{CBF57691-B757-4127-B61B-6A6C58335636}.Debug|Any CPU.Build.0 = Debug|Any CPU
		{CBF57691-B757-4127-B61B-6A6C58335636}.Debug|Mixed Platforms.ActiveCfg = Debug|Any CPU
		{CBF57691-B757-4127-B61B-6A6C58335636}.Debug|Mixed Platforms.Build.0 = Debug|Any CPU
		{CBF57691-B757-4127-B61B-6A6C58335636}.Debug|x64.ActiveCfg = Debug|Any CPU
		{CBF57691-B757-4127-B61B-6A6C58335636}.Debug|x64.Build.0 = Debug|Any CPU
		{CBF57691-B757-4127-B61B-6A6C58335636}.Debug|x86.ActiveCfg = Debug|Any CPU
		{CBF57691-B757-4127-B61B-6A6C58335636}.Debug|x86.Build.0 = Debug|Any CPU
		{CBF57691-B757-4127-B61B-6A6C58335636}.Release|.NET.ActiveCfg = Release|Any CPU
		{CBF57691-B757-4127-B61B-6A6C58335636}.Release|.NET.Build.0 = Release|Any CPU
		{CBF57691-B757-4127-B61B-6A6C58335636}.Release|Any CPU.ActiveCfg = Release|Any CPU
		{CBF57691-B757-4127-B61B-6A6C58335636}.Release|Any CPU.Build.0 = Release|Any CPU
		{CBF57691-B757-4127-B61B-6A6C58335636}.Release|Mixed Platforms.ActiveCfg = Release|Any CPU
		{CBF57691-B757-4127-B61B-6A6C58335636}.Release|Mixed Platforms.Build.0 = Release|Any CPU
		{CBF57691-B757-4127-B61B-6A6C58335636}.Release|x64.ActiveCfg = Release|Any CPU
		{CBF57691-B757-4127-B61B-6A6C58335636}.Release|x64.Build.0 = Release|Any CPU
		{CBF57691-B757-4127-B61B-6A6C58335636}.Release|x86.ActiveCfg = Release|Any CPU
		{CBF57691-B757-4127-B61B-6A6C58335636}.Release|x86.Build.0 = Release|Any CPU
		{5A566B92-27B0-40E3-B88E-FB50A1886838}.Debug|.NET.ActiveCfg = Debug|Any CPU
		{5A566B92-27B0-40E3-B88E-FB50A1886838}.Debug|.NET.Build.0 = Debug|Any CPU
		{5A566B92-27B0-40E3-B88E-FB50A1886838}.Debug|Any CPU.ActiveCfg = Debug|Any CPU
		{5A566B92-27B0-40E3-B88E-FB50A1886838}.Debug|Any CPU.Build.0 = Debug|Any CPU
		{5A566B92-27B0-40E3-B88E-FB50A1886838}.Debug|Mixed Platforms.ActiveCfg = Debug|Any CPU
		{5A566B92-27B0-40E3-B88E-FB50A1886838}.Debug|Mixed Platforms.Build.0 = Debug|Any CPU
		{5A566B92-27B0-40E3-B88E-FB50A1886838}.Debug|x64.ActiveCfg = Debug|Any CPU
		{5A566B92-27B0-40E3-B88E-FB50A1886838}.Debug|x64.Build.0 = Debug|Any CPU
		{5A566B92-27B0-40E3-B88E-FB50A1886838}.Debug|x86.ActiveCfg = Debug|Any CPU
		{5A566B92-27B0-40E3-B88E-FB50A1886838}.Debug|x86.Build.0 = Debug|Any CPU
		{5A566B92-27B0-40E3-B88E-FB50A1886838}.Release|.NET.ActiveCfg = Release|Any CPU
		{5A566B92-27B0-40E3-B88E-FB50A1886838}.Release|.NET.Build.0 = Release|Any CPU
		{5A566B92-27B0-40E3-B88E-FB50A1886838}.Release|Any CPU.ActiveCfg = Release|Any CPU
		{5A566B92-27B0-40E3-B88E-FB50A1886838}.Release|Any CPU.Build.0 = Release|Any CPU
		{5A566B92-27B0-40E3-B88E-FB50A1886838}.Release|Mixed Platforms.ActiveCfg = Release|Any CPU
		{5A566B92-27B0-40E3-B88E-FB50A1886838}.Release|Mixed Platforms.Build.0 = Release|Any CPU
		{5A566B92-27B0-40E3-B88E-FB50A1886838}.Release|x64.ActiveCfg = Release|Any CPU
		{5A566B92-27B0-40E3-B88E-FB50A1886838}.Release|x64.Build.0 = Release|Any CPU
		{5A566B92-27B0-40E3-B88E-FB50A1886838}.Release|x86.ActiveCfg = Release|Any CPU
		{5A566B92-27B0-40E3-B88E-FB50A1886838}.Release|x86.Build.0 = Release|Any CPU
		{50C2A908-D07D-4C01-B6A7-5410B4AFC067}.Debug|.NET.ActiveCfg = Debug|Any CPU
		{50C2A908-D07D-4C01-B6A7-5410B4AFC067}.Debug|.NET.Build.0 = Debug|Any CPU
		{50C2A908-D07D-4C01-B6A7-5410B4AFC067}.Debug|Any CPU.ActiveCfg = Debug|Any CPU
		{50C2A908-D07D-4C01-B6A7-5410B4AFC067}.Debug|Any CPU.Build.0 = Debug|Any CPU
		{50C2A908-D07D-4C01-B6A7-5410B4AFC067}.Debug|Mixed Platforms.ActiveCfg = Debug|Any CPU
		{50C2A908-D07D-4C01-B6A7-5410B4AFC067}.Debug|Mixed Platforms.Build.0 = Debug|Any CPU
		{50C2A908-D07D-4C01-B6A7-5410B4AFC067}.Debug|x64.ActiveCfg = Debug|Any CPU
		{50C2A908-D07D-4C01-B6A7-5410B4AFC067}.Debug|x64.Build.0 = Debug|Any CPU
		{50C2A908-D07D-4C01-B6A7-5410B4AFC067}.Debug|x86.ActiveCfg = Debug|Any CPU
		{50C2A908-D07D-4C01-B6A7-5410B4AFC067}.Debug|x86.Build.0 = Debug|Any CPU
		{50C2A908-D07D-4C01-B6A7-5410B4AFC067}.Release|.NET.ActiveCfg = Release|Any CPU
		{50C2A908-D07D-4C01-B6A7-5410B4AFC067}.Release|.NET.Build.0 = Release|Any CPU
		{50C2A908-D07D-4C01-B6A7-5410B4AFC067}.Release|Any CPU.ActiveCfg = Release|Any CPU
		{50C2A908-D07D-4C01-B6A7-5410B4AFC067}.Release|Any CPU.Build.0 = Release|Any CPU
		{50C2A908-D07D-4C01-B6A7-5410B4AFC067}.Release|Mixed Platforms.ActiveCfg = Release|Any CPU
		{50C2A908-D07D-4C01-B6A7-5410B4AFC067}.Release|Mixed Platforms.Build.0 = Release|Any CPU
		{50C2A908-D07D-4C01-B6A7-5410B4AFC067}.Release|x64.ActiveCfg = Release|Any CPU
		{50C2A908-D07D-4C01-B6A7-5410B4AFC067}.Release|x64.Build.0 = Release|Any CPU
		{50C2A908-D07D-4C01-B6A7-5410B4AFC067}.Release|x86.ActiveCfg = Release|Any CPU
		{50C2A908-D07D-4C01-B6A7-5410B4AFC067}.Release|x86.Build.0 = Release|Any CPU
	EndGlobalSection
	GlobalSection(SolutionProperties) = preSolution
		HideSolutionNode = FALSE
	EndGlobalSection
	GlobalSection(NestedProjects) = preSolution
		{A0209B52-A45D-429B-A33F-568FE24CC454} = {D105CDB8-E5AC-4E85-9C5B-EA0A50629AB6}
		{B76D8AAA-7CF4-471B-8C9A-17AC96A1D813} = {8B020B43-E5A7-4E7A-9ECA-C41569D208CB}
		{BEFB1534-48DF-4B13-8309-26F678331F48} = {8B020B43-E5A7-4E7A-9ECA-C41569D208CB}
		{0901DB28-5B80-490B-840A-0E6A94AB7AFE} = {8B020B43-E5A7-4E7A-9ECA-C41569D208CB}
		{965B2175-58B4-4589-9AB7-A9C7508E52E1} = {01CE61A0-A1CC-4625-B2A7-4B1954FD7326}
		{406BAC57-5C85-42F0-9E33-2D64AB9662FF} = {01CE61A0-A1CC-4625-B2A7-4B1954FD7326}
		{D9792169-3E1C-42F5-8ADA-6DF9337353C1} = {01CE61A0-A1CC-4625-B2A7-4B1954FD7326}
		{DCAE6D15-457F-4FD5-A097-F0EE3E330047} = {01CE61A0-A1CC-4625-B2A7-4B1954FD7326}
		{4951062B-D3C0-443D-8AB4-C233250A7584} = {E605B89A-BB28-4335-856F-35CD4799F47E}
		{B2AFAEBA-CB9E-4BA0-B61A-3E0708847FE9} = {01CE61A0-A1CC-4625-B2A7-4B1954FD7326}
		{A6595739-E966-4F89-B771-6AB481AEDB5D} = {01CE61A0-A1CC-4625-B2A7-4B1954FD7326}
		{E0EFEADA-D1FA-4163-8F57-5662BBB015B5} = {71F878CA-A8BA-4F29-94A2-FB12C53D3159}
		{3D64A34E-EB5C-4283-A52E-0082AFE01A46} = {71F878CA-A8BA-4F29-94A2-FB12C53D3159}
		{2E0B0F5B-440B-4B1E-8623-C3965F536BB1} = {71F878CA-A8BA-4F29-94A2-FB12C53D3159}
		{1BD594EE-F5AB-4362-A464-5E8912EB5C50} = {90A6207D-62B4-467E-9D42-CA36C6EF193C}
		{90A6207D-62B4-467E-9D42-CA36C6EF193C} = {E0EFEADA-D1FA-4163-8F57-5662BBB015B5}
		{E5B49DE6-C297-4CCC-940F-3FDF01D88E17} = {E0EFEADA-D1FA-4163-8F57-5662BBB015B5}
		{90F16288-4ECF-4546-A5D0-EA8382DA4F39} = {E0EFEADA-D1FA-4163-8F57-5662BBB015B5}
		{78B7FFA7-1B0A-4838-8CB7-A7E224E925F8} = {E5B49DE6-C297-4CCC-940F-3FDF01D88E17}
		{62CB94E3-DB61-4AD5-8988-3F1B69392D4B} = {90F16288-4ECF-4546-A5D0-EA8382DA4F39}
		{4312067D-A934-4C4D-871E-0406DD68007C} = {3D64A34E-EB5C-4283-A52E-0082AFE01A46}
		{1F08DA59-6821-42C5-809D-0F3B6F27E109} = {2E0B0F5B-440B-4B1E-8623-C3965F536BB1}
		{C67B40D0-09A7-4C2E-927C-3F9374E1AF67} = {71F878CA-A8BA-4F29-94A2-FB12C53D3159}
		{CCFB6FAB-8100-4D29-AD7B-0F5941092B73} = {C67B40D0-09A7-4C2E-927C-3F9374E1AF67}
		{48631B17-BF67-42DE-9676-34E6C0D5FCFD} = {A0A59775-6BCE-4B1C-91BD-122C34C37353}
		{6F7D19F0-97B2-4576-866F-275869AD62C0} = {48631B17-BF67-42DE-9676-34E6C0D5FCFD}
		{2FCF7D58-08DF-45EA-B19B-A73C7944B111} = {E0EFEADA-D1FA-4163-8F57-5662BBB015B5}
		{ED348198-7F94-4556-9E5C-AEC3806CF6FB} = {2FCF7D58-08DF-45EA-B19B-A73C7944B111}
		{96FB9F4A-EC54-427A-BDC1-BF370C2A9215} = {E0EFEADA-D1FA-4163-8F57-5662BBB015B5}
		{B7630937-FCCB-4D12-B89A-0346CD12ADF6} = {01CE61A0-A1CC-4625-B2A7-4B1954FD7326}
		{B9606F97-C9F3-486B-A61C-9117DF6F4560} = {E0EFEADA-D1FA-4163-8F57-5662BBB015B5}
		{07BE0E61-3019-457C-A2DA-CF18B98EACB8} = {B9606F97-C9F3-486B-A61C-9117DF6F4560}
		{DCE2394D-E085-4299-92BA-38DCB714A0B4} = {E0EFEADA-D1FA-4163-8F57-5662BBB015B5}
		{75A9E72A-1EFE-4DAE-966B-E508A2BC1463} = {5B6DB45F-863E-41BB-9368-615EE45E162A}
		{5B6DB45F-863E-41BB-9368-615EE45E162A} = {E0EFEADA-D1FA-4163-8F57-5662BBB015B5}
		{A0A59775-6BCE-4B1C-91BD-122C34C37353} = {E0EFEADA-D1FA-4163-8F57-5662BBB015B5}
		{0D5D3262-2BE1-42FE-9050-757073F1A313} = {A0A59775-6BCE-4B1C-91BD-122C34C37353}
		{9BBDB8DC-435B-4116-8349-23284D477AAC} = {E0EFEADA-D1FA-4163-8F57-5662BBB015B5}
		{00C78BFB-59D4-4586-B79C-E1E4EDF8DD6B} = {9BBDB8DC-435B-4116-8349-23284D477AAC}
		{E43252D2-1158-40C6-99D3-36450B148C93} = {69AACC1F-B98B-41B9-9E58-D6C61042AD8F}
		{AD4DEA99-09FE-4CDD-9CEA-7F265ACDD987} = {69AACC1F-B98B-41B9-9E58-D6C61042AD8F}
		{B9607B32-8776-48B8-965D-7B08A7A70663} = {69AACC1F-B98B-41B9-9E58-D6C61042AD8F}
		{CBF57691-B757-4127-B61B-6A6C58335636} = {9DB67066-26EA-4FD3-ACD1-3CA4D4CC649C}
		{5A566B92-27B0-40E3-B88E-FB50A1886838} = {8B020B43-E5A7-4E7A-9ECA-C41569D208CB}
		{50C2A908-D07D-4C01-B6A7-5410B4AFC067} = {9DB67066-26EA-4FD3-ACD1-3CA4D4CC649C}
	EndGlobalSection
	GlobalSection(ExtensibilityGlobals) = postSolution
		SolutionGuid = {932375C0-A2E3-4DF4-970C-BC79BA353A5F}
		EnterpriseLibraryConfigurationToolBinariesPath = packages\Unity.2.1.505.2\lib\NET35
	EndGlobalSection
	GlobalSection(TestCaseManagementSettings) = postSolution
		CategoryFile = ERP.v5.0.9.Release.vsmdi
	EndGlobalSection
EndGlobal
